PODS:
  - Alamofire (4.7.2)
  - Alamofire-Synchronous (4.0.0):
    - Alamofire (~> 4.0)
  - GGLInstanceID (1.1.6)
  - Google/CloudMessaging (2.0.3):
    - GGLInstanceID (~> 1.0)
    - Google/Core
    - GoogleCloudMessaging (~> 1.0)
  - Google/Core (2.0.3):
    - GoogleInterchangeUtilities (~> 1.0)
    - GoogleNetworkingUtilities (~> 1.0)
    - GoogleSymbolUtilities (~> 1.0)
    - GoogleUtilities (~> 1.1)
  - GoogleCloudMessaging (1.2.0):
    - GoogleInterchangeUtilities (~> 1.0)
    - GoogleIPhoneUtilities (~> 1.0)
    - GoogleSymbolUtilities (~> 1.0)
  - GoogleInterchangeUtilities (1.2.0):
    - GoogleSymbolUtilities (~> 1.0)
  - GoogleIPhoneUtilities (1.2.0):
    - GoogleSymbolUtilities (~> 1.0)
    - GoogleUtilities (~> 1.0)
  - GoogleMaps (1.13.0)
  - GoogleNetworkingUtilities (1.2.0):
    - GoogleSymbolUtilities (~> 1.0)
  - GoogleSymbolUtilities (1.1.0)
  - GoogleUtilities (1.2.0):
    - GoogleSymbolUtilities (~> 1.0)
  - Kingfisher (4.7.0)
  - Spring (1.0.5)

DEPENDENCIES:
  - Alamofire (~> 4.7)
  - Alamofire-Synchronous (~> 4.0)
  - Google/CloudMessaging
  - GoogleMaps
  - Kingfisher (~> 4.0)
  - Spring (from `https://github.com/MengTo/Spring.git`)

EXTERNAL SOURCES:
  Spring:
    :git: https://github.com/MengTo/Spring.git

CHECKOUT OPTIONS:
  Spring:
    :commit: c540239f3590bbaf4a35c3959c329dd5ed4e3eee
    :git: https://github.com/MengTo/Spring.git

SPEC CHECKSUMS:
  Alamofire: e4fa87002c137ba2d8d634d2c51fabcda0d5c223
  Alamofire-Synchronous: eedf1e6e961c3795a63c74990b3f7d9fbfac7e50
  GGLInstanceID: f92465924a9b8a48f712829d22e223653ab8dc72
  Google: b256691df67064b88d45d4fb472d43e1fe8bb202
  GoogleCloudMessaging: 2f503711dac162dc08c0c418643210793335eca2
  GoogleInterchangeUtilities: 427382e42d8a340038bec37c6fdfd316e14b5fa2
  GoogleIPhoneUtilities: 1c2996078f079d2fc54453dbd13eaf5523666550
  GoogleMaps: 7a6caeb8336d7cb42982e969fc9b1b20a889fe79
  GoogleNetworkingUtilities: ec1e9911aca811eb18b7144394fee6168b607785
  GoogleSymbolUtilities: eb3965ea12710569c7b80db198a39e39b18613f7
  GoogleUtilities: 85f8ad6b251544286a97163133d042ec95f889c5
  Kingfisher: da6b005aa96d37698e3e4f1ccfe96a5b9bbf27d6
  Spring: 3c7666eccefdeb87140008dc81043f89f8dbb787

PODFILE CHECKSUM: 4d73a3f3cb0cf32fb2c45a154a0f4a16715a9609

COCOAPODS: 1.4.0
